
Microsoft Visual Studio Solution File, Format Version 12.00
# Visual Studio Version 16
VisualStudioVersion = 16.0.34301.259
MinimumVisualStudioVersion = 10.0.40219.1
Project("{FAE04EC0-301F-11D3-BF4B-00C04F79EFBC}") = "pr_12", "pr_12\pr_12.csproj", "{A067211C-FB45-40AE-A55F-6FB912AA4AC5}"
EndProject
Global
	GlobalSection(SolutionConfigurationPlatforms) = preSolution
		Debug|Any CPU = Debug|Any CPU
		Release|Any CPU = Release|Any CPU
	EndGlobalSection
	GlobalSection(ProjectConfigurationPlatforms) = postSolution
		{A067211C-FB45-40AE-A55F-6FB912AA4AC5}.Debug|Any CPU.ActiveCfg = Debug|Any CPU
		{A067211C-FB45-40AE-A55F-6FB912AA4AC5}.Debug|Any CPU.Build.0 = Debug|Any CPU
		{A067211C-FB45-40AE-A55F-6FB912AA4AC5}.Release|Any CPU.ActiveCfg = Release|Any CPU
		{A067211C-FB45-40AE-A55F-6FB912AA4AC5}.Release|Any CPU.Build.0 = Release|Any CPU
	EndGlobalSection
	GlobalSection(SolutionProperties) = preSolution
		HideSolutionNode = FALSE
	EndGlobalSection
	GlobalSection(ExtensibilityGlobals) = postSolution
		SolutionGuid = {810E462B-7237-44D5-90E9-F9BE9F5EE143}
	EndGlobalSection
EndGlobal
